<?xml version="1.0" encoding="utf-8"?>
<Project ToolsVersion="4.0" xmlns="http://schemas.microsoft.com/developer/msbuild/2003">
  <ItemGroup>
    <Filter Include="ソース ファイル">
      <UniqueIdentifier>{4FC737F1-C7A5-4376-A066-2A32D752A2FF}</UniqueIdentifier>
      <Extensions>cpp;c;cc;cxx;c++;cppm;ixx;def;odl;idl;hpj;bat;asm;asmx</Extensions>
    </Filter>
    <Filter Include="ヘッダー ファイル">
      <UniqueIdentifier>{93995380-89BD-4b04-88EB-625FBE52EBFB}</UniqueIdentifier>
      <Extensions>h;hh;hpp;hxx;h++;hm;inl;inc;ipp;xsd</Extensions>
    </Filter>
    <Filter Include="リソース ファイル">
      <UniqueIdentifier>{67DA6AB6-F800-4c08-8B7A-83BB121AAD01}</UniqueIdentifier>
      <Extensions>rc;ico;cur;bmp;dlg;rc2;rct;bin;rgs;gif;jpg;jpeg;jpe;resx;tiff;tif;png;wav;mfcribbon-ms</Extensions>
    </Filter>
    <Filter Include="imgui">
      <UniqueIdentifier>{4489984c-89d1-47e6-8f80-b5766a090682}</UniqueIdentifier>
    </Filter>
    <Filter Include="Engine">
      <UniqueIdentifier>{92b530f5-f9a7-4b9e-9ad9-34909d8f01da}</UniqueIdentifier>
    </Filter>
    <Filter Include="Engine\Base">
      <UniqueIdentifier>{f7e1076e-ec7e-428f-a037-68f56c9ca97e}</UniqueIdentifier>
    </Filter>
    <Filter Include="Engine\Base\DebugLog">
      <UniqueIdentifier>{da14fcb3-447f-49f4-94ae-40486ab30d54}</UniqueIdentifier>
    </Filter>
    <Filter Include="Engine\Base\DescriptorHeapManager">
      <UniqueIdentifier>{135ec753-fe7c-4a53-a1c8-c9e9e939d7f2}</UniqueIdentifier>
    </Filter>
    <Filter Include="Engine\Base\DirectXCommon">
      <UniqueIdentifier>{d6e681b2-d657-429c-b6d8-6302af791dc3}</UniqueIdentifier>
    </Filter>
    <Filter Include="Engine\Base\WinApp">
      <UniqueIdentifier>{252bb9a8-5252-4508-b5a6-6a9888718a3d}</UniqueIdentifier>
    </Filter>
    <Filter Include="Engine\Audio">
      <UniqueIdentifier>{b3b23ed5-91b6-474a-83a0-d4ee5a65f6c5}</UniqueIdentifier>
    </Filter>
    <Filter Include="Engine\ImGuiManager">
      <UniqueIdentifier>{f2ac2121-57f3-47e6-acfa-90edfaba6499}</UniqueIdentifier>
    </Filter>
    <Filter Include="Engine\Input">
      <UniqueIdentifier>{65e5c752-b2ea-4a06-b473-476cd6924e57}</UniqueIdentifier>
    </Filter>
    <Filter Include="Engine\Light">
      <UniqueIdentifier>{3d09982c-b069-46b8-a791-9faf2375607d}</UniqueIdentifier>
    </Filter>
    <Filter Include="Engine\TextureManager">
      <UniqueIdentifier>{a31d3de8-c631-435d-9ea0-0a2bd605b732}</UniqueIdentifier>
    </Filter>
    <Filter Include="Engine\GraphicsPipelines">
      <UniqueIdentifier>{cef2d969-4cec-445d-8982-128fe6ef7122}</UniqueIdentifier>
    </Filter>
    <Filter Include="Engine\GraphicsPipelines\ParticleGraphicsPipeline">
      <UniqueIdentifier>{07299507-6aa1-4da6-8d3a-89ce0f4b5afc}</UniqueIdentifier>
    </Filter>
    <Filter Include="Engine\GraphicsPipelines\ModelGraphicsPipline">
      <UniqueIdentifier>{0ce94d8a-bc1f-4820-87d0-9bf7c6f30dab}</UniqueIdentifier>
    </Filter>
    <Filter Include="Engine\Shaders">
      <UniqueIdentifier>{bb920b16-437b-4c88-945e-f165f871c387}</UniqueIdentifier>
    </Filter>
    <Filter Include="Engine\GraphicsPipelines\SpirteGraphicsPipeline">
      <UniqueIdentifier>{39ff2cbd-7c9e-42e7-8607-ed716620abb4}</UniqueIdentifier>
    </Filter>
    <Filter Include="Engine\GraphicsPipelines\GraphicsPiplineManager">
      <UniqueIdentifier>{588cb300-bf4c-440f-a8cd-8dac550ed88b}</UniqueIdentifier>
    </Filter>
    <Filter Include="Engine\Model">
      <UniqueIdentifier>{9b3d7ddc-abf8-49d9-82a2-5883563904f0}</UniqueIdentifier>
    </Filter>
    <Filter Include="Engine\Model\ModelData">
      <UniqueIdentifier>{fd8f338d-7211-429a-994c-c7ecf986d445}</UniqueIdentifier>
    </Filter>
    <Filter Include="Engine\Model\ModelData\ModelDataManager">
      <UniqueIdentifier>{049d1c8a-cd00-4ee8-a3b9-aa6b7b2786d7}</UniqueIdentifier>
    </Filter>
    <Filter Include="Engine\Particle">
      <UniqueIdentifier>{9221d928-522c-462d-ac04-6e656b39b273}</UniqueIdentifier>
    </Filter>
    <Filter Include="Engine\Sprite">
      <UniqueIdentifier>{a350541b-95e7-4731-93bf-a72bdfda0080}</UniqueIdentifier>
    </Filter>
    <Filter Include="Engine\Utils">
      <UniqueIdentifier>{81b069ba-c471-4d14-950d-9136fb82e22d}</UniqueIdentifier>
    </Filter>
    <Filter Include="Engine\Utils\Math">
      <UniqueIdentifier>{70169161-5912-428b-8acd-a4048a5482ec}</UniqueIdentifier>
    </Filter>
    <Filter Include="Engine\Utils\Shape">
      <UniqueIdentifier>{665639fc-069b-4fb5-ab64-e8d9a79c7a5a}</UniqueIdentifier>
    </Filter>
    <Filter Include="Engine\Utils\Camera">
      <UniqueIdentifier>{bd3f7a2a-5f01-4a3f-9eb3-0a34e5258c25}</UniqueIdentifier>
    </Filter>
    <Filter Include="Engine\Utils\Collision">
      <UniqueIdentifier>{27227e56-f856-4b67-b9e9-02e2c9ee02ec}</UniqueIdentifier>
    </Filter>
    <Filter Include="Engine\Utils\Ease">
      <UniqueIdentifier>{be0771b7-7af5-40f3-b507-782218f07b56}</UniqueIdentifier>
    </Filter>
    <Filter Include="Engine\Utils\Transform">
      <UniqueIdentifier>{3c62a5ac-6b1b-4641-986b-f847f3d0e65f}</UniqueIdentifier>
    </Filter>
    <Filter Include="Engine\GlobalVariables">
      <UniqueIdentifier>{0a592cc4-062e-46c2-9959-23f4ade47001}</UniqueIdentifier>
    </Filter>
    <Filter Include="Game">
      <UniqueIdentifier>{0c4869a2-4a82-4407-a35f-be26dbc2a1e8}</UniqueIdentifier>
    </Filter>
    <Filter Include="Game\SceneSystem">
      <UniqueIdentifier>{609d3a6e-b781-469b-851c-9d5cd2ede99d}</UniqueIdentifier>
    </Filter>
    <Filter Include="Game\SceneSystem\ClearScene">
      <UniqueIdentifier>{8d31b5a5-41a2-4b7c-b452-4ff0d30b5537}</UniqueIdentifier>
    </Filter>
    <Filter Include="Game\SceneSystem\IScene">
      <UniqueIdentifier>{a2f81868-3fbd-4273-b582-2b203c85caeb}</UniqueIdentifier>
    </Filter>
    <Filter Include="Game\SceneSystem\SceneManager">
      <UniqueIdentifier>{2b3c02ef-4091-470a-91f7-45beef467bae}</UniqueIdentifier>
    </Filter>
    <Filter Include="Game\SceneSystem\StageScene">
      <UniqueIdentifier>{5d0ee55c-31b8-4017-8932-66745fd5c432}</UniqueIdentifier>
    </Filter>
    <Filter Include="Game\SceneSystem\TitleScene">
      <UniqueIdentifier>{e2079556-6956-4ef8-9d02-3ca9d800f0d0}</UniqueIdentifier>
    </Filter>
    <Filter Include="Engine\BlockManager">
      <UniqueIdentifier>{b6f8d92a-5d81-4a8d-bc25-3f811dc2f596}</UniqueIdentifier>
    </Filter>
    <Filter Include="Engine\GraphicsPipelines\BlockGraphicsPipeline">
      <UniqueIdentifier>{8248be4c-aa7b-486a-8dce-dbc4144f5ed0}</UniqueIdentifier>
    </Filter>
    <Filter Include="Engine\Utils\SoUtils">
      <UniqueIdentifier>{d3d1a064-764b-4843-a523-055b88f1ea95}</UniqueIdentifier>
    </Filter>
    <Filter Include="Engine\Utils\SoUtils\Math">
      <UniqueIdentifier>{102d0eba-6728-4018-ae47-eaf41e85bf09}</UniqueIdentifier>
    </Filter>
    <Filter Include="Engine\Utils\SoUtils\Containers">
      <UniqueIdentifier>{f222d02c-d1b3-4e50-aee9-1b7232320520}</UniqueIdentifier>
    </Filter>
    <Filter Include="Engine\Utils\SoUtils\Text">
      <UniqueIdentifier>{8788eae3-8b5b-4bff-a550-6308340991f0}</UniqueIdentifier>
    </Filter>
    <Filter Include="Engine\Utils\SoUtils\IO">
      <UniqueIdentifier>{fc466cc0-438c-4d84-939a-960a611fa3e2}</UniqueIdentifier>
    </Filter>
    <Filter Include="Engine\Utils\SoUtils\SoLib">
      <UniqueIdentifier>{7a420aab-d0dc-4605-872c-7e4837e6e552}</UniqueIdentifier>
    </Filter>
    <Filter Include="Engine\Utils\SoUtils\Graphics">
      <UniqueIdentifier>{119489d1-a2db-4a32-a040-fa2ad871a1b8}</UniqueIdentifier>
    </Filter>
    <Filter Include="Game\GameElement">
      <UniqueIdentifier>{bc44b07c-2fd3-44c6-b130-3caf29e96032}</UniqueIdentifier>
    </Filter>
    <Filter Include="Game\GameElement\StageUI">
      <UniqueIdentifier>{5f09b059-ef17-498c-b13f-9934b412f5ff}</UniqueIdentifier>
    </Filter>
    <Filter Include="Engine\GraphicsPipelines\SpotLightGraphicsPipline">
      <UniqueIdentifier>{f4fdfeae-6516-4afb-8fbf-f758afbe534f}</UniqueIdentifier>
    </Filter>
    <Filter Include="Engine\GraphicsPipelines\PointLightGraphicsPipline">
      <UniqueIdentifier>{0d51438a-ffb9-4b60-a801-6f0f6036d96b}</UniqueIdentifier>
    </Filter>
    <Filter Include="Engine\FrameInfo">
      <UniqueIdentifier>{794b742c-c71e-4e6f-b90f-4642405b120d}</UniqueIdentifier>
    </Filter>
    <Filter Include="Engine\GraphicsPipelines\ContrastGraphicsPipeline">
      <UniqueIdentifier>{1e7bda81-43c2-4ece-b570-a5246fb4ed5e}</UniqueIdentifier>
    </Filter>
    <Filter Include="Engine\PostEffect">
      <UniqueIdentifier>{97bb9026-af64-4736-963d-5b4ae94c7e47}</UniqueIdentifier>
    </Filter>
    <Filter Include="Engine\PostEffect\Contrast">
      <UniqueIdentifier>{9db8f8bc-4f29-4c84-ba78-4746e0d30d12}</UniqueIdentifier>
    </Filter>
    <Filter Include="Game\GameElement\Slot">
      <UniqueIdentifier>{956716e6-ec80-4115-a285-f30786240bf3}</UniqueIdentifier>
    </Filter>
    <Filter Include="Game\SceneSystem\SelectScene">
      <UniqueIdentifier>{a402b3b9-3cfa-417e-a7b2-1a29bf73bad5}</UniqueIdentifier>
    </Filter>
    <Filter Include="Engine\PostEffect\Bloom">
      <UniqueIdentifier>{7d23582f-7580-48bc-b588-c1b499b06d50}</UniqueIdentifier>
    </Filter>
    <Filter Include="Engine\PostEffect\Blur">
      <UniqueIdentifier>{d7060336-17ce-4bd5-9868-95d6e6f14468}</UniqueIdentifier>
    </Filter>
    <Filter Include="Engine\PostEffect\GaussianBlur">
      <UniqueIdentifier>{7dfda705-bfe8-4fa2-91e0-4704fa45a961}</UniqueIdentifier>
    </Filter>
    <Filter Include="Engine\PostEffect\HighLumi">
      <UniqueIdentifier>{17a633d3-8f1d-49b6-bcd6-1441f7ee6992}</UniqueIdentifier>
    </Filter>
    <Filter Include="Engine\GraphicsPipelines\BlurGraphicsPipeline">
      <UniqueIdentifier>{406b2bae-351b-4cf2-a3ea-70a7874971d4}</UniqueIdentifier>
    </Filter>
    <Filter Include="Engine\GraphicsPipelines\GaussianBlurGraphicsPipeline">
      <UniqueIdentifier>{246539d9-eee1-4540-8c3f-7b70cbf4b3ab}</UniqueIdentifier>
    </Filter>
    <Filter Include="Engine\GraphicsPipelines\HighLumiGraphicsPipeline">
      <UniqueIdentifier>{00da4ce4-dde6-4b36-86a4-316a296e86c7}</UniqueIdentifier>
    </Filter>
    <Filter Include="Engine\Base\DescriptorHeapManager\DescriptorHeap">
      <UniqueIdentifier>{67266de9-ca2a-4e5e-9009-c89a95353591}</UniqueIdentifier>
    </Filter>
    <Filter Include="Game\GameElement\StageLights">
      <UniqueIdentifier>{1309d40f-7bcf-49fc-a94e-7913e225e1ff}</UniqueIdentifier>
    </Filter>
    <Filter Include="Game\GameElement\BossState">
      <UniqueIdentifier>{de7046dc-5406-4d9c-bee9-e3a5ea473b12}</UniqueIdentifier>
    </Filter>
    <Filter Include="Game\GameElement\HPBar">
      <UniqueIdentifier>{e77df862-7185-407a-9127-49b3cfc705e4}</UniqueIdentifier>
    </Filter>
    <Filter Include="Game\GameElement\TitleObject">
      <UniqueIdentifier>{bb7ef455-8599-40a7-ac98-f5f8607ab07f}</UniqueIdentifier>
    </Filter>
    <Filter Include="Game\GameElement\Decoration">
      <UniqueIdentifier>{01050cf2-9888-4623-acd1-3fe91120dbb3}</UniqueIdentifier>
    </Filter>
    <Filter Include="Game\GameElement\ClearPlayer">
      <UniqueIdentifier>{bca825b4-cb43-4ff5-90b9-cd340651ca22}</UniqueIdentifier>
    </Filter>
    <Filter Include="Game\GameElement\BackGround">
      <UniqueIdentifier>{875aaf62-e291-4cac-8173-ba1c7c5ccdb8}</UniqueIdentifier>
    </Filter>
    <Filter Include="Game\SceneSystem\GameOverScene">
      <UniqueIdentifier>{0d04f646-acb8-404f-97f5-d315aaabfd71}</UniqueIdentifier>
    </Filter>
  </ItemGroup>
  <ItemGroup>
    <ClCompile Include="externals\imgui\imgui.cpp">
      <Filter>imgui</Filter>
    </ClCompile>
    <ClCompile Include="externals\imgui\imgui_demo.cpp">
      <Filter>imgui</Filter>
    </ClCompile>
    <ClCompile Include="externals\imgui\imgui_draw.cpp">
      <Filter>imgui</Filter>
    </ClCompile>
    <ClCompile Include="externals\imgui\imgui_impl_dx12.cpp">
      <Filter>imgui</Filter>
    </ClCompile>
    <ClCompile Include="externals\imgui\imgui_impl_win32.cpp">
      <Filter>imgui</Filter>
    </ClCompile>
    <ClCompile Include="externals\imgui\imgui_tables.cpp">
      <Filter>imgui</Filter>
    </ClCompile>
    <ClCompile Include="externals\imgui\imgui_widgets.cpp">
      <Filter>imgui</Filter>
    </ClCompile>
    <ClCompile Include="main.cpp">
      <Filter>ソース ファイル</Filter>
    </ClCompile>
    <ClCompile Include="Engine\Utils\Shape\AABB.cpp">
      <Filter>Engine\Utils\Shape</Filter>
    </ClCompile>
    <ClCompile Include="Engine\Utils\Math\calc.cpp">
      <Filter>Engine\Utils\Math</Filter>
    </ClCompile>
    <ClCompile Include="Engine\Utils\Camera\Camera.cpp">
      <Filter>Engine\Utils\Camera</Filter>
    </ClCompile>
    <ClCompile Include="Engine\Utils\Collision\Collision.cpp">
      <Filter>Engine\Utils\Collision</Filter>
    </ClCompile>
    <ClCompile Include="Engine\Utils\Ease\Ease.cpp">
      <Filter>Engine\Utils\Ease</Filter>
    </ClCompile>
    <ClCompile Include="Engine\Utils\Math\Matrix3x3.cpp">
      <Filter>Engine\Utils\Math</Filter>
    </ClCompile>
    <ClCompile Include="Engine\Utils\Math\Matrix4x4.cpp">
      <Filter>Engine\Utils\Math</Filter>
    </ClCompile>
    <ClCompile Include="Engine\Utils\Shape\OBB.cpp">
      <Filter>Engine\Utils\Shape</Filter>
    </ClCompile>
    <ClCompile Include="Engine\Utils\Shape\Plane.cpp">
      <Filter>Engine\Utils\Shape</Filter>
    </ClCompile>
    <ClCompile Include="Engine\Utils\Shape\Sphere.cpp">
      <Filter>Engine\Utils\Shape</Filter>
    </ClCompile>
    <ClCompile Include="Engine\Utils\Shape\Triangle.cpp">
      <Filter>Engine\Utils\Shape</Filter>
    </ClCompile>
    <ClCompile Include="Engine\Utils\Math\Vector2.cpp">
      <Filter>Engine\Utils\Math</Filter>
    </ClCompile>
    <ClCompile Include="Engine\Utils\Math\Vector3.cpp">
      <Filter>Engine\Utils\Math</Filter>
    </ClCompile>
    <ClCompile Include="Engine\Utils\Math\Quaternion.cpp">
      <Filter>Engine\Utils\Math</Filter>
    </ClCompile>
    <ClCompile Include="Engine\Utils\Transform\Transform.cpp">
      <Filter>Engine\Utils\Transform</Filter>
    </ClCompile>
    <ClCompile Include="Engine\Base\DebugLog\DebugLog.cpp">
      <Filter>Engine\Base\DebugLog</Filter>
    </ClCompile>
    <ClCompile Include="Engine\Base\DescriptorHeapManager\DescriptorHeapManager.cpp">
      <Filter>Engine\Base\DescriptorHeapManager</Filter>
    </ClCompile>
    <ClCompile Include="Engine\Base\DirectXCommon\DirectXCommon.cpp">
      <Filter>Engine\Base\DirectXCommon</Filter>
    </ClCompile>
    <ClCompile Include="Engine\Base\WinApp\WinApp.cpp">
      <Filter>Engine\Base\WinApp</Filter>
    </ClCompile>
    <ClCompile Include="Engine\Audio\Audio.cpp">
      <Filter>Engine\Audio</Filter>
    </ClCompile>
    <ClCompile Include="Engine\ImGuiManager\ImGuiManager.cpp">
      <Filter>Engine\ImGuiManager</Filter>
    </ClCompile>
    <ClCompile Include="Engine\Input\Input.cpp">
      <Filter>Engine\Input</Filter>
    </ClCompile>
    <ClCompile Include="Engine\Particle\Particle.cpp">
      <Filter>Engine\Particle</Filter>
    </ClCompile>
    <ClCompile Include="Engine\TextureManager\TextureManager.cpp">
      <Filter>Engine\TextureManager</Filter>
    </ClCompile>
    <ClCompile Include="Engine\Model\Model.cpp">
      <Filter>Engine\Model</Filter>
    </ClCompile>
    <ClCompile Include="Engine\Model\ModelData\ModelDataManager\ModelDataManager.cpp">
      <Filter>Engine\Model\ModelData\ModelDataManager</Filter>
    </ClCompile>
    <ClCompile Include="Engine\Utils\RandomGenerator\RandomGenerator.cpp">
      <Filter>Engine\Utils</Filter>
    </ClCompile>
    <ClCompile Include="Engine\GraphicsPipelines\ParticleGraphicsPipeline\ParticleGraphicsPipeline.cpp">
      <Filter>Engine\GraphicsPipelines\ParticleGraphicsPipeline</Filter>
    </ClCompile>
    <ClCompile Include="Engine\GraphicsPipelines\ModelGraphicsPipline\ModelGraphicsPipline.cpp">
      <Filter>Engine\GraphicsPipelines\ModelGraphicsPipline</Filter>
    </ClCompile>
    <ClCompile Include="Engine\GraphicsPipelines\SpirteGraphicsPipeline\SpriteGraphicsPipeline.cpp">
      <Filter>Engine\GraphicsPipelines\SpirteGraphicsPipeline</Filter>
    </ClCompile>
    <ClCompile Include="Engine\Sprite\Sprite.cpp">
      <Filter>Engine\Sprite</Filter>
    </ClCompile>
    <ClCompile Include="Engine\GraphicsPipelines\GraphicsPiplineManager\GraphicsPiplineManager.cpp">
      <Filter>Engine\GraphicsPipelines\GraphicsPiplineManager</Filter>
    </ClCompile>
    <ClCompile Include="Engine\Externals\BlockManager\BlockManager.cpp">
      <Filter>Engine\BlockManager</Filter>
    </ClCompile>
    <ClCompile Include="Engine\GraphicsPipelines\BlockGraphicsPipeline\BlockGraphicsPipeline.cpp">
      <Filter>Engine\GraphicsPipelines\BlockGraphicsPipeline</Filter>
    </ClCompile>
    <ClCompile Include="Engine\Kyoko.cpp">
      <Filter>Engine</Filter>
    </ClCompile>
    <ClCompile Include="Engine\GlobalVariables\GlobalVariables.cpp">
      <Filter>Engine\GlobalVariables</Filter>
    </ClCompile>
    <ClCompile Include="Game\SceneSystem\ClearScene\ClearScene.cpp">
      <Filter>Game\SceneSystem\ClearScene</Filter>
    </ClCompile>
    <ClCompile Include="Game\SceneSystem\IScene\IScene.cpp">
      <Filter>Game\SceneSystem\IScene</Filter>
    </ClCompile>
    <ClCompile Include="Game\SceneSystem\SceneManager\SceneManager.cpp">
      <Filter>Game\SceneSystem\SceneManager</Filter>
    </ClCompile>
    <ClCompile Include="Game\SceneSystem\StageScene\StageScene.cpp">
      <Filter>Game\SceneSystem\StageScene</Filter>
    </ClCompile>
    <ClCompile Include="Game\SceneSystem\TitleScene\TitleScene.cpp">
      <Filter>Game\SceneSystem\TitleScene</Filter>
    </ClCompile>
    <ClCompile Include="Engine\Utils\SoUtils\Math\Angle.cpp">
      <Filter>Engine\Utils\SoUtils\Math</Filter>
    </ClCompile>
    <ClCompile Include="Engine\Utils\SoUtils\IO\CSV.cpp">
      <Filter>Engine\Utils\SoUtils\IO</Filter>
    </ClCompile>
    <ClCompile Include="Engine\Utils\SoUtils\IO\File.cpp">
      <Filter>Engine\Utils\SoUtils\IO</Filter>
    </ClCompile>
    <ClCompile Include="Engine\Utils\SoUtils\SoLib\SoLib_Easing.cpp">
      <Filter>Engine\Utils\SoUtils\SoLib</Filter>
    </ClCompile>
    <ClCompile Include="Engine\Utils\SoUtils\SoLib\SoLib_ImGui.cpp">
      <Filter>Engine\Utils\SoUtils\SoLib</Filter>
    </ClCompile>
    <ClCompile Include="Engine\Utils\SoUtils\SoLib\SoLib_Json.cpp">
      <Filter>Engine\Utils\SoUtils\SoLib</Filter>
    </ClCompile>
    <ClCompile Include="Engine\Utils\SoUtils\SoLib\SoLib_Lerp.cpp">
      <Filter>Engine\Utils\SoUtils\SoLib</Filter>
    </ClCompile>
    <ClCompile Include="Engine\Utils\SoUtils\SoLib\SoLib_Timer.cpp">
      <Filter>Engine\Utils\SoUtils\SoLib</Filter>
    </ClCompile>
    <ClCompile Include="Engine\Utils\SoUtils\Graphics\Color.cpp">
      <Filter>Engine\Utils\SoUtils\Graphics</Filter>
    </ClCompile>
    <ClCompile Include="Game\GameElement\MovingBall.cpp">
      <Filter>Game\GameElement</Filter>
    </ClCompile>
    <ClCompile Include="Game\GameElement\MapChip.cpp">
      <Filter>Game\GameElement</Filter>
    </ClCompile>
    <ClCompile Include="Game\GameElement\Player.cpp">
      <Filter>Game\GameElement</Filter>
    </ClCompile>
    <ClCompile Include="Game\GameElement\Barrier.cpp">
      <Filter>Game\GameElement</Filter>
    </ClCompile>
    <ClCompile Include="Game\GameElement\StageUI.cpp">
      <Filter>Game\GameElement\StageUI</Filter>
    </ClCompile>
    <ClCompile Include="Game\GameElement\Boss.cpp">
      <Filter>Game\GameElement</Filter>
    </ClCompile>
    <ClCompile Include="Game\GameElement\Stage.cpp">
      <Filter>Game\GameElement</Filter>
    </ClCompile>
    <ClCompile Include="Engine\Light\DirectionalLight\DirectionalLight.cpp">
      <Filter>Engine\Light</Filter>
    </ClCompile>
    <ClCompile Include="Engine\Light\Light.cpp">
      <Filter>Engine\Light</Filter>
    </ClCompile>
    <ClCompile Include="Engine\Light\PointLight\PointLight.cpp">
      <Filter>Engine\Light</Filter>
    </ClCompile>
    <ClCompile Include="Engine\Light\SpotLight\SpotLight.cpp">
      <Filter>Engine\Light</Filter>
    </ClCompile>
    <ClCompile Include="Engine\GraphicsPipelines\SpotLightGraphicsPipline\SpotLightGraphicsPipline.cpp">
      <Filter>Engine\GraphicsPipelines\SpotLightGraphicsPipline</Filter>
    </ClCompile>
    <ClCompile Include="Engine\GraphicsPipelines\PointLightGraphicsPipline\PointLightGraphicsPipline.cpp">
      <Filter>Engine\GraphicsPipelines\PointLightGraphicsPipline</Filter>
    </ClCompile>
    <ClCompile Include="Engine\FrameInfo\FrameInfo.cpp">
      <Filter>Engine\FrameInfo</Filter>
    </ClCompile>
    <ClCompile Include="Game\GameElement\BallSpawner.cpp">
      <Filter>Game\GameElement</Filter>
    </ClCompile>
    <ClCompile Include="Game\GameElement\BoundPin.cpp">
      <Filter>Game\GameElement</Filter>
    </ClCompile>
    <ClCompile Include="Game\GameElement\Hole.cpp">
      <Filter>Game\GameElement</Filter>
    </ClCompile>
    <ClCompile Include="Engine\GraphicsPipelines\ContrastGraphicsPipeline\ContrastGraphicsPipeline.cpp">
      <Filter>Engine\GraphicsPipelines\ContrastGraphicsPipeline</Filter>
    </ClCompile>
    <ClCompile Include="Engine\PostEffect\PostEffect.cpp">
      <Filter>Engine\PostEffect</Filter>
    </ClCompile>
    <ClCompile Include="Engine\PostEffect\Contrast\Contrast.cpp">
      <Filter>Engine\PostEffect\Contrast</Filter>
    </ClCompile>
    <ClCompile Include="Game\GameElement\Slot\Slot.cpp">
      <Filter>Game\GameElement\Slot</Filter>
    </ClCompile>
    <ClCompile Include="Game\SceneSystem\SelectScene\SelectScene.cpp">
      <Filter>Game\SceneSystem\SelectScene</Filter>
    </ClCompile>
    <ClCompile Include="Game\GameElement\Sword.cpp">
      <Filter>Game\GameElement</Filter>
    </ClCompile>
    <ClCompile Include="Game\GameElement\IEntity.cpp">
      <Filter>Game\GameElement</Filter>
    </ClCompile>
    <ClCompile Include="Engine\PostEffect\Bloom\Bloom.cpp">
      <Filter>Engine\PostEffect\Bloom</Filter>
    </ClCompile>
    <ClCompile Include="Engine\PostEffect\Blur\Blur.cpp">
      <Filter>Engine\PostEffect\Blur</Filter>
    </ClCompile>
    <ClCompile Include="Engine\PostEffect\GaussianBlur\GaussianBlur.cpp">
      <Filter>Engine\PostEffect\GaussianBlur</Filter>
    </ClCompile>
    <ClCompile Include="Engine\PostEffect\HighLumi\HighLumi.cpp">
      <Filter>Engine\PostEffect\HighLumi</Filter>
    </ClCompile>
    <ClCompile Include="Engine\GraphicsPipelines\BlurGraphicsPipeline\BlurGraphicsPipeline.cpp">
      <Filter>Engine\GraphicsPipelines\BlurGraphicsPipeline</Filter>
    </ClCompile>
    <ClCompile Include="Engine\GraphicsPipelines\GaussianBlurGraphicsPipeline\GaussianBlurGraphicsPipeline.cpp">
      <Filter>Engine\GraphicsPipelines\GaussianBlurGraphicsPipeline</Filter>
    </ClCompile>
    <ClCompile Include="Engine\GraphicsPipelines\HighLumiGraphicsPipeline\HighLumiGraphicsPipeline.cpp">
      <Filter>Engine\GraphicsPipelines\HighLumiGraphicsPipeline</Filter>
    </ClCompile>
    <ClCompile Include="Engine\Utils\Shape\Line.cpp">
      <Filter>Engine\Utils\Shape</Filter>
    </ClCompile>
    <ClCompile Include="Game\GameElement\Punch.cpp">
      <Filter>Game\GameElement</Filter>
    </ClCompile>
    <ClCompile Include="Engine\Utils\SoUtils\Graphics\CollisionRenderer.cpp">
      <Filter>Engine\Utils\SoUtils\Graphics</Filter>
    </ClCompile>
    <ClCompile Include="Game\GameElement\Needle.cpp">
      <Filter>Game\GameElement</Filter>
    </ClCompile>
    <ClCompile Include="Engine\Base\DescriptorHeapManager\DescriptorHeap\DescriptorHeap.cpp">
      <Filter>Engine\Base\DescriptorHeapManager\DescriptorHeap</Filter>
    </ClCompile>
    <ClCompile Include="Game\GameElement\StageLights\StageLights.cpp">
      <Filter>Game\GameElement\StageLights</Filter>
    </ClCompile>
    <ClCompile Include="Game\GameElement\BossState\IBossState.cpp">
      <Filter>Game\GameElement\BossState</Filter>
    </ClCompile>
    <ClCompile Include="Game\GameElement\SimpleTransform.cpp">
      <Filter>Game\GameElement</Filter>
    </ClCompile>
    <ClCompile Include="Game\GameElement\BossState\EscapeState.cpp">
      <Filter>Game\GameElement\BossState</Filter>
    </ClCompile>
    <ClCompile Include="Game\GameElement\BossState\Tackle.cpp">
      <Filter>Game\GameElement\BossState</Filter>
    </ClCompile>
    <ClCompile Include="Game\GameElement\HPBar\HPBar.cpp">
      <Filter>Game\GameElement\HPBar</Filter>
    </ClCompile>
    <ClCompile Include="Game\GameElement\TitleObject\TitleObject.cpp">
      <Filter>Game\GameElement\TitleObject</Filter>
    </ClCompile>
    <ClCompile Include="Game\GameElement\BossState\SlotState.cpp">
      <Filter>Game\GameElement\BossState</Filter>
    </ClCompile>
    <ClCompile Include="Game\GameElement\Decoration\Decoration.cpp">
      <Filter>Game\GameElement\Decoration</Filter>
    </ClCompile>
    <ClCompile Include="Engine\Model\BoneModel.cpp">
      <Filter>Engine\Model</Filter>
    </ClCompile>
    <ClCompile Include="Engine\Utils\Math\Vector3Norm.cpp">
      <Filter>Engine\Utils\Math</Filter>
    </ClCompile>
    <ClCompile Include="Engine\Utils\SoUtils\Math\Math.cpp">
      <Filter>Engine\Utils\SoUtils\Math</Filter>
    </ClCompile>
    <ClCompile Include="Game\GameElement\ClearPlayer\ClearPlayer.cpp">
      <Filter>Game\GameElement\ClearPlayer</Filter>
    </ClCompile>
    <ClCompile Include="Game\GameElement\BossState\HipDrop.cpp">
      <Filter>Game\GameElement\BossState</Filter>
    </ClCompile>
    <ClCompile Include="Game\GameElement\BossState\RotateState.cpp">
      <Filter>Game\GameElement\BossState</Filter>
    </ClCompile>
    <ClCompile Include="Game\GameElement\BackGround\BackGround.cpp">
      <Filter>Game\GameElement\BackGround</Filter>
    </ClCompile>
    <ClCompile Include="Game\SceneSystem\GameOverScene\GameOverScene.cpp">
      <Filter>Game\SceneSystem\GameOverScene</Filter>
    </ClCompile>
    <ClCompile Include="Game\GameElement\BossState\StunState.cpp">
      <Filter>ソース ファイル</Filter>
    </ClCompile>
  </ItemGroup>
  <ItemGroup>
    <ClInclude Include="externals\imgui\imconfig.h">
      <Filter>imgui</Filter>
    </ClInclude>
    <ClInclude Include="externals\imgui\imgui.h">
      <Filter>imgui</Filter>
    </ClInclude>
    <ClInclude Include="externals\imgui\imgui_impl_dx12.h">
      <Filter>imgui</Filter>
    </ClInclude>
    <ClInclude Include="externals\imgui\imgui_impl_win32.h">
      <Filter>imgui</Filter>
    </ClInclude>
    <ClInclude Include="externals\imgui\imgui_internal.h">
      <Filter>imgui</Filter>
    </ClInclude>
    <ClInclude Include="externals\imgui\imstb_rectpack.h">
      <Filter>imgui</Filter>
    </ClInclude>
    <ClInclude Include="externals\imgui\imstb_textedit.h">
      <Filter>imgui</Filter>
    </ClInclude>
    <ClInclude Include="externals\imgui\imstb_truetype.h">
      <Filter>imgui</Filter>
    </ClInclude>
    <ClInclude Include="Engine\Utils\Math\calc.h">
      <Filter>Engine\Utils\Math</Filter>
    </ClInclude>
    <ClInclude Include="Engine\Utils\Camera\Camera.h">
      <Filter>Engine\Utils\Camera</Filter>
    </ClInclude>
    <ClInclude Include="Engine\Utils\Collision\Collision.h">
      <Filter>Engine\Utils\Collision</Filter>
    </ClInclude>
    <ClInclude Include="Engine\Utils\Shape\AABB.h">
      <Filter>Engine\Utils\Shape</Filter>
    </ClInclude>
    <ClInclude Include="Engine\Utils\Ease\Ease.h">
      <Filter>Engine\Utils\Ease</Filter>
    </ClInclude>
    <ClInclude Include="Engine\Utils\Shape\Line.h">
      <Filter>Engine\Utils\Shape</Filter>
    </ClInclude>
    <ClInclude Include="Engine\Utils\Math\Matrix3x3.h">
      <Filter>Engine\Utils\Math</Filter>
    </ClInclude>
    <ClInclude Include="Engine\Utils\Math\Matrix4x4.h">
      <Filter>Engine\Utils\Math</Filter>
    </ClInclude>
    <ClInclude Include="Engine\Utils\Shape\OBB.h">
      <Filter>Engine\Utils\Shape</Filter>
    </ClInclude>
    <ClInclude Include="Engine\Utils\Shape\Plane.h">
      <Filter>Engine\Utils\Shape</Filter>
    </ClInclude>
    <ClInclude Include="Engine\Utils\Shape\Quadrangle.h">
      <Filter>Engine\Utils\Shape</Filter>
    </ClInclude>
    <ClInclude Include="Engine\Utils\Math\Quaternion.h">
      <Filter>Engine\Utils\Math</Filter>
    </ClInclude>
    <ClInclude Include="Engine\Utils\Shape\Sphere.h">
      <Filter>Engine\Utils\Shape</Filter>
    </ClInclude>
    <ClInclude Include="Engine\Utils\Shape\Triangle.h">
      <Filter>Engine\Utils\Shape</Filter>
    </ClInclude>
    <ClInclude Include="Engine\Utils\Math\Vector2.h">
      <Filter>Engine\Utils\Math</Filter>
    </ClInclude>
    <ClInclude Include="Engine\Utils\Math\Vector3.h">
      <Filter>Engine\Utils\Math</Filter>
    </ClInclude>
    <ClInclude Include="Engine\Utils\Math\Vector4.h">
      <Filter>Engine\Utils\Math</Filter>
    </ClInclude>
    <ClInclude Include="Engine\Utils\Transform\Transform.h">
      <Filter>Engine\Utils\Transform</Filter>
    </ClInclude>
    <ClInclude Include="Engine\Base\DebugLog\DebugLog.h">
      <Filter>Engine\Base\DebugLog</Filter>
    </ClInclude>
    <ClInclude Include="Engine\Base\DescriptorHeapManager\DescriptorHeapManager.h">
      <Filter>Engine\Base\DescriptorHeapManager</Filter>
    </ClInclude>
    <ClInclude Include="Engine\Base\DirectXCommon\DirectXCommon.h">
      <Filter>Engine\Base\DirectXCommon</Filter>
    </ClInclude>
    <ClInclude Include="Engine\Base\WinApp\WinApp.h">
      <Filter>Engine\Base\WinApp</Filter>
    </ClInclude>
    <ClInclude Include="Engine\Audio\Audio.h">
      <Filter>Engine\Audio</Filter>
    </ClInclude>
    <ClInclude Include="Engine\ImGuiManager\ImGuiManager.h">
      <Filter>Engine\ImGuiManager</Filter>
    </ClInclude>
    <ClInclude Include="Engine\Input\Input.h">
      <Filter>Engine\Input</Filter>
    </ClInclude>
    <ClInclude Include="Engine\Particle\Particle.h">
      <Filter>Engine\Particle</Filter>
    </ClInclude>
    <ClInclude Include="Engine\TextureManager\TextureManager.h">
      <Filter>Engine\TextureManager</Filter>
    </ClInclude>
    <ClInclude Include="Engine\Model\Model.h">
      <Filter>Engine\Model</Filter>
    </ClInclude>
    <ClInclude Include="Engine\Model\ModelData\ModelData.h">
      <Filter>Engine\Model\ModelData</Filter>
    </ClInclude>
    <ClInclude Include="Engine\Model\ModelData\ModelDataManager\ModelDataManager.h">
      <Filter>Engine\Model\ModelData\ModelDataManager</Filter>
    </ClInclude>
    <ClInclude Include="Engine\Base\ResourceLeakChecker.h">
      <Filter>Engine\Base</Filter>
    </ClInclude>
    <ClInclude Include="Engine\Utils\RandomGenerator\RandomGenerator.h">
      <Filter>Engine\Utils</Filter>
    </ClInclude>
    <ClInclude Include="Engine\GraphicsPipelines\ParticleGraphicsPipeline\ParticleGraphicsPipeline.h">
      <Filter>Engine\GraphicsPipelines\ParticleGraphicsPipeline</Filter>
    </ClInclude>
    <ClInclude Include="Engine\GraphicsPipelines\ModelGraphicsPipline\ModelGraphicsPipline.h">
      <Filter>Engine\GraphicsPipelines\ModelGraphicsPipline</Filter>
    </ClInclude>
    <ClInclude Include="Engine\GraphicsPipelines\SpirteGraphicsPipeline\SpriteGraphicsPipeline.h">
      <Filter>Engine\GraphicsPipelines\SpirteGraphicsPipeline</Filter>
    </ClInclude>
    <ClInclude Include="Engine\Sprite\Sprite.h">
      <Filter>Engine\Sprite</Filter>
    </ClInclude>
    <ClInclude Include="Engine\GraphicsPipelines\GraphicsPiplineManager\GraphicsPiplineManager.h">
      <Filter>Engine\GraphicsPipelines\GraphicsPiplineManager</Filter>
    </ClInclude>
    <ClInclude Include="Engine\Externals\BlockManager\BlockManager.h">
      <Filter>Engine\BlockManager</Filter>
    </ClInclude>
    <ClInclude Include="Engine\GraphicsPipelines\BlockGraphicsPipeline\BlockGraphicsPipeline.h">
      <Filter>Engine\GraphicsPipelines\BlockGraphicsPipeline</Filter>
    </ClInclude>
    <ClInclude Include="Engine\Kyoko.h">
      <Filter>Engine</Filter>
    </ClInclude>
    <ClInclude Include="Engine\GlobalVariables\GlobalVariables.h">
      <Filter>Engine\GlobalVariables</Filter>
    </ClInclude>
    <ClInclude Include="Game\SceneSystem\ClearScene\ClearScene.h">
      <Filter>Game\SceneSystem\ClearScene</Filter>
    </ClInclude>
    <ClInclude Include="Game\SceneSystem\IScene\IScene.h">
      <Filter>Game\SceneSystem\IScene</Filter>
    </ClInclude>
    <ClInclude Include="Game\SceneSystem\SceneManager\SceneManager.h">
      <Filter>Game\SceneSystem\SceneManager</Filter>
    </ClInclude>
    <ClInclude Include="Game\SceneSystem\StageScene\StageScene.h">
      <Filter>Game\SceneSystem\StageScene</Filter>
    </ClInclude>
    <ClInclude Include="Game\SceneSystem\TitleScene\TitleScene.h">
      <Filter>Game\SceneSystem\TitleScene</Filter>
    </ClInclude>
    <ClInclude Include="Engine\Utils\SoUtils\Math\Angle.h">
      <Filter>Engine\Utils\SoUtils\Math</Filter>
    </ClInclude>
    <ClInclude Include="Engine\Utils\SoUtils\Math\Euler.h">
      <Filter>Engine\Utils\SoUtils\Math</Filter>
    </ClInclude>
    <ClInclude Include="Engine\Utils\SoUtils\Containers\Array2D.h">
      <Filter>Engine\Utils\SoUtils\Containers</Filter>
    </ClInclude>
    <ClInclude Include="Engine\Utils\SoUtils\Containers\ConstVector.h">
      <Filter>Engine\Utils\SoUtils\Containers</Filter>
    </ClInclude>
    <ClInclude Include="Engine\Utils\SoUtils\Text\ConstString.h">
      <Filter>Engine\Utils\SoUtils\Text</Filter>
    </ClInclude>
    <ClInclude Include="Engine\Utils\SoUtils\IO\CSV.h">
      <Filter>Engine\Utils\SoUtils\IO</Filter>
    </ClInclude>
    <ClInclude Include="Engine\Utils\SoUtils\IO\File.h">
      <Filter>Engine\Utils\SoUtils\IO</Filter>
    </ClInclude>
    <ClInclude Include="Engine\Utils\SoUtils\SoLib\SoLib_Easing.h">
      <Filter>Engine\Utils\SoUtils\SoLib</Filter>
    </ClInclude>
    <ClInclude Include="Engine\Utils\SoUtils\SoLib\SoLib_ImGui.h">
      <Filter>Engine\Utils\SoUtils\SoLib</Filter>
    </ClInclude>
    <ClInclude Include="Engine\Utils\SoUtils\SoLib\SoLib_Json.h">
      <Filter>Engine\Utils\SoUtils\SoLib</Filter>
    </ClInclude>
    <ClInclude Include="Engine\Utils\SoUtils\SoLib\SoLib_Lerp.h">
      <Filter>Engine\Utils\SoUtils\SoLib</Filter>
    </ClInclude>
    <ClInclude Include="Engine\Utils\SoUtils\SoLib\SoLib_Timer.h">
      <Filter>Engine\Utils\SoUtils\SoLib</Filter>
    </ClInclude>
    <ClInclude Include="Engine\Utils\SoUtils\SoLib\SoLib_Traits.h">
      <Filter>Engine\Utils\SoUtils\SoLib</Filter>
    </ClInclude>
    <ClInclude Include="Engine\Utils\SoUtils\SoLib\SoLib.h">
      <Filter>Engine\Utils\SoUtils\SoLib</Filter>
    </ClInclude>
    <ClInclude Include="Engine\Utils\SoUtils\Graphics\Color.h">
      <Filter>Engine\Utils\SoUtils\Graphics</Filter>
    </ClInclude>
    <ClInclude Include="Game\GameElement\MapChip.h">
      <Filter>Game\GameElement</Filter>
    </ClInclude>
    <ClInclude Include="Game\GameElement\MovingBall.h">
      <Filter>Game\GameElement</Filter>
    </ClInclude>
    <ClInclude Include="Game\GameElement\Player.h">
      <Filter>Game\GameElement</Filter>
    </ClInclude>
    <ClInclude Include="Game\GameElement\Barrier.h">
      <Filter>Game\GameElement</Filter>
    </ClInclude>
    <ClInclude Include="Game\GameElement\StageUI.h">
      <Filter>Game\GameElement\StageUI</Filter>
    </ClInclude>
    <ClInclude Include="Game\GameElement\Boss.h">
      <Filter>Game\GameElement</Filter>
    </ClInclude>
    <ClInclude Include="Game\GameElement\Stage.h">
      <Filter>Game\GameElement</Filter>
    </ClInclude>
    <ClInclude Include="Engine\Light\DirectionalLight\DirectionalLight.h">
      <Filter>Engine\Light</Filter>
    </ClInclude>
    <ClInclude Include="Engine\Light\Light.h">
      <Filter>Engine\Light</Filter>
    </ClInclude>
    <ClInclude Include="Engine\Light\PointLight\PointLight.h">
      <Filter>Engine\Light</Filter>
    </ClInclude>
    <ClInclude Include="Engine\Light\SpotLight\SpotLight.h">
      <Filter>Engine\Light</Filter>
    </ClInclude>
    <ClInclude Include="Engine\Model\ModelData\AnimationData3D.h">
      <Filter>Engine\Model\ModelData</Filter>
    </ClInclude>
    <ClInclude Include="Engine\Model\ModelData\BoneData3D.h">
      <Filter>Engine\Model\ModelData</Filter>
    </ClInclude>
    <ClInclude Include="Engine\Model\ModelData\NodeData3D.h">
      <Filter>Engine\Model\ModelData</Filter>
    </ClInclude>
    <ClInclude Include="..\..\..\Engine\Model\ModelData\MaterialData3D.h">
      <Filter>Engine\Model\ModelData</Filter>
    </ClInclude>
    <ClInclude Include="..\..\..\Engine\Model\ModelData\MeshData3D.h">
      <Filter>Engine\Model\ModelData</Filter>
    </ClInclude>
    <ClInclude Include="..\..\..\Engine\Model\ModelData\VertexData3D.h">
      <Filter>Engine\Model\ModelData</Filter>
    </ClInclude>
    <ClInclude Include="Engine\GraphicsPipelines\SpotLightGraphicsPipline\SpotLightGraphicsPipline.h">
      <Filter>Engine\GraphicsPipelines\SpotLightGraphicsPipline</Filter>
    </ClInclude>
    <ClInclude Include="Engine\GraphicsPipelines\PointLightGraphicsPipline\PointLightGraphicsPipline.h">
      <Filter>Engine\GraphicsPipelines\PointLightGraphicsPipline</Filter>
    </ClInclude>
    <ClInclude Include="Engine\FrameInfo\FrameInfo.h">
      <Filter>Engine\FrameInfo</Filter>
    </ClInclude>
    <ClInclude Include="Game\GameElement\BallSpawner.h">
      <Filter>Game\GameElement</Filter>
    </ClInclude>
    <ClInclude Include="Game\GameElement\IEntity.h">
      <Filter>Game\GameElement</Filter>
    </ClInclude>
    <ClInclude Include="Game\GameElement\BoundPin.h">
      <Filter>Game\GameElement</Filter>
    </ClInclude>
    <ClInclude Include="Game\GameElement\Hole.h">
      <Filter>Game\GameElement</Filter>
    </ClInclude>
    <ClInclude Include="Engine\Utils\SoUtils\IO\VariantItem.h">
      <Filter>Engine\Utils\SoUtils\IO</Filter>
    </ClInclude>
    <ClInclude Include="Engine\GraphicsPipelines\ContrastGraphicsPipeline\ContrastGraphicsPipeline.h">
      <Filter>Engine\GraphicsPipelines\ContrastGraphicsPipeline</Filter>
    </ClInclude>
    <ClInclude Include="Engine\PostEffect\PostEffect.h">
      <Filter>Engine\PostEffect</Filter>
    </ClInclude>
    <ClInclude Include="Engine\PostEffect\Contrast\Contrast.h">
      <Filter>Engine\PostEffect\Contrast</Filter>
    </ClInclude>
    <ClInclude Include="Game\GameElement\Slot\Slot.h">
      <Filter>Game\GameElement\Slot</Filter>
    </ClInclude>
    <ClInclude Include="Game\SceneSystem\SelectScene\SelectScene.h">
      <Filter>Game\SceneSystem\SelectScene</Filter>
    </ClInclude>
    <ClInclude Include="Game\GameElement\Sword.h">
      <Filter>Game\GameElement</Filter>
    </ClInclude>
    <ClInclude Include="Game\GameElement\IWeapon.h">
      <Filter>Game\GameElement</Filter>
    </ClInclude>
    <ClInclude Include="Engine\PostEffect\Bloom\Bloom.h">
      <Filter>Engine\PostEffect\Bloom</Filter>
    </ClInclude>
    <ClInclude Include="Engine\PostEffect\Blur\Blur.h">
      <Filter>Engine\PostEffect\Blur</Filter>
    </ClInclude>
    <ClInclude Include="Engine\PostEffect\GaussianBlur\GaussianBlur.h">
      <Filter>Engine\PostEffect\GaussianBlur</Filter>
    </ClInclude>
    <ClInclude Include="Engine\PostEffect\HighLumi\HighLumi.h">
      <Filter>Engine\PostEffect\HighLumi</Filter>
    </ClInclude>
    <ClInclude Include="Engine\GraphicsPipelines\BlurGraphicsPipeline\BlurGraphicsPipeline.h">
      <Filter>Engine\GraphicsPipelines\BlurGraphicsPipeline</Filter>
    </ClInclude>
    <ClInclude Include="Engine\GraphicsPipelines\GaussianBlurGraphicsPipeline\GaussianBlurGraphicsPipeline.h">
      <Filter>Engine\GraphicsPipelines\GaussianBlurGraphicsPipeline</Filter>
    </ClInclude>
    <ClInclude Include="Engine\GraphicsPipelines\HighLumiGraphicsPipeline\HighLumiGraphicsPipeline.h">
      <Filter>Engine\GraphicsPipelines\HighLumiGraphicsPipeline</Filter>
    </ClInclude>
    <ClInclude Include="Engine\Utils\Shape\Capsule.h">
      <Filter>Engine\Utils\Shape</Filter>
    </ClInclude>
    <ClInclude Include="Engine\Utils\Shape\IShape.h">
      <Filter>Engine\Utils\Shape</Filter>
    </ClInclude>
    <ClInclude Include="Game\GameElement\Punch.h">
      <Filter>Game\GameElement</Filter>
    </ClInclude>
    <ClInclude Include="Game\GameElement\Needle.h">
      <Filter>Game\GameElement</Filter>
    </ClInclude>
    <ClInclude Include="Engine\Utils\SoUtils\Graphics\CollisionRenderer.h">
      <Filter>Engine\Utils\SoUtils\Graphics</Filter>
    </ClInclude>
    <ClInclude Include="Engine\Utils\SoUtils\Containers\Singleton.h">
      <Filter>Engine\Utils\SoUtils\Containers</Filter>
    </ClInclude>
    <ClInclude Include="Engine\Base\DescriptorHeapManager\DescriptorHeap\DescriptorHeap.h">
      <Filter>Engine\Base\DescriptorHeapManager\DescriptorHeap</Filter>
    </ClInclude>
    <ClInclude Include="Game\GameElement\StageLights\StageLights.h">
      <Filter>Game\GameElement\StageLights</Filter>
    </ClInclude>
    <ClInclude Include="Game\GameElement\BossState\IBossState.h">
      <Filter>Game\GameElement\BossState</Filter>
    </ClInclude>
    <ClInclude Include="Game\GameElement\BossState\EscapeState.h">
      <Filter>Game\GameElement\BossState</Filter>
    </ClInclude>
    <ClInclude Include="Game\GameElement\SimpleTransform.h">
      <Filter>Game\GameElement</Filter>
    </ClInclude>
    <ClInclude Include="Game\GameElement\HPBar\HPBar.h">
      <Filter>Game\GameElement\HPBar</Filter>
    </ClInclude>
    <ClInclude Include="Game\GameElement\TitleObject\TitleObject.h">
      <Filter>Game\GameElement\TitleObject</Filter>
    </ClInclude>
    <ClInclude Include="Game\GameElement\BossState\SlotState.h">
      <Filter>Game\GameElement\BossState</Filter>
    </ClInclude>
    <ClInclude Include="Game\GameElement\Decoration\Decoration.h">
      <Filter>Game\GameElement\Decoration</Filter>
    </ClInclude>
    <ClInclude Include="Engine\Model\BoneModel.h">
      <Filter>Engine\Model</Filter>
    </ClInclude>
    <ClInclude Include="Engine\Utils\Math\Vector3Norm.h">
      <Filter>Engine\Utils\Math</Filter>
    </ClInclude>
    <ClInclude Include="Engine\Utils\SoUtils\Math\Math.h">
      <Filter>Engine\Utils\SoUtils\Math</Filter>
    </ClInclude>
    <ClInclude Include="Game\GameElement\StateParametor.h">
      <Filter>Game\GameElement</Filter>
    </ClInclude>
    <ClInclude Include="Game\GameElement\DirectionArrow.h">
      <Filter>Game\GameElement</Filter>
    </ClInclude>
    <ClInclude Include="Game\GameElement\ClearPlayer\ClearPlayer.h">
      <Filter>Game\GameElement\ClearPlayer</Filter>
    </ClInclude>
    <ClInclude Include="Game\GameElement\BossState\HipDrop.h">
      <Filter>Game\GameElement\BossState</Filter>
    </ClInclude>
    <ClInclude Include="Game\GameElement\BossState\RotateState.h">
      <Filter>Game\GameElement\BossState</Filter>
    </ClInclude>
    <ClInclude Include="Game\GameElement\BackGround\BackGround.h">
      <Filter>Game\GameElement\BackGround</Filter>
    </ClInclude>
    <ClInclude Include="Game\SceneSystem\GameOverScene\GameOverScene.h">
      <Filter>Game\SceneSystem\GameOverScene</Filter>
    </ClInclude>
    <ClInclude Include="Game\GameElement\BossState\StunState.h">
      <Filter>Game\GameElement\BossState</Filter>
    </ClInclude>
  </ItemGroup>
  <ItemGroup>
    <Text Include="externals\imgui\LICENSE.txt">
      <Filter>imgui</Filter>
    </Text>
  </ItemGroup>
  <ItemGroup>
    <FxCompile Include="Resources\Shaders\Object3d.PS.hlsl">
      <Filter>Engine\Shaders</Filter>
    </FxCompile>
    <FxCompile Include="Resources\Shaders\Object3d.VS.hlsl">
      <Filter>Engine\Shaders</Filter>
    </FxCompile>
    <FxCompile Include="Resources\Shaders\Sprite.PS.hlsl">
      <Filter>Engine\Shaders</Filter>
    </FxCompile>
    <FxCompile Include="Resources\Shaders\Sprite.VS.hlsl">
      <Filter>Engine\Shaders</Filter>
    </FxCompile>
    <FxCompile Include="Resources\Shaders\Particle.VS.hlsl">
      <Filter>Engine\Shaders</Filter>
    </FxCompile>
    <FxCompile Include="Resources\Shaders\Particle.PS.hlsl">
      <Filter>Engine\Shaders</Filter>
    </FxCompile>
    <FxCompile Include="Resources\Shaders\Blocks.PS.hlsl">
      <Filter>Engine\Shaders</Filter>
    </FxCompile>
    <FxCompile Include="Resources\Shaders\Blocks.VS.hlsl">
      <Filter>Engine\Shaders</Filter>
    </FxCompile>
    <FxCompile Include="..\..\..\..\Downloads\LE2A_21_ミズカミ_コタロウ_音ゲー\LE2A_21_ミズカミ_コタロウ_音ゲー\Resources\Shaders\SpotLight.VS.hlsl">
      <Filter>Engine\Shaders</Filter>
    </FxCompile>
    <FxCompile Include="..\..\..\..\Downloads\LE2A_21_ミズカミ_コタロウ_音ゲー\LE2A_21_ミズカミ_コタロウ_音ゲー\Resources\Shaders\PointLight.PS.hlsl">
      <Filter>Engine\Shaders</Filter>
    </FxCompile>
    <FxCompile Include="..\..\..\..\Downloads\LE2A_21_ミズカミ_コタロウ_音ゲー\LE2A_21_ミズカミ_コタロウ_音ゲー\Resources\Shaders\PointLight.VS.hlsl">
      <Filter>Engine\Shaders</Filter>
    </FxCompile>
    <FxCompile Include="..\..\..\..\Downloads\LE2A_21_ミズカミ_コタロウ_音ゲー\LE2A_21_ミズカミ_コタロウ_音ゲー\Resources\Shaders\SpotLight.PS.hlsl">
      <Filter>Engine\Shaders</Filter>
    </FxCompile>
    <FxCompile Include="Resources\Shaders\Contrast.PS.hlsl">
      <Filter>Engine\Shaders</Filter>
    </FxCompile>
    <FxCompile Include="Resources\Shaders\Contrast.VS.hlsl">
      <Filter>Engine\Shaders</Filter>
    </FxCompile>
    <FxCompile Include="Resources\Shaders\Blur.PS.hlsl">
      <Filter>Engine\Shaders</Filter>
    </FxCompile>
    <FxCompile Include="Resources\Shaders\GaussianBlur.PS.hlsl">
      <Filter>Engine\Shaders</Filter>
    </FxCompile>
    <FxCompile Include="Resources\Shaders\HighLumi.PS.hlsl">
      <Filter>Engine\Shaders</Filter>
    </FxCompile>
  </ItemGroup>
  <ItemGroup>
    <None Include="Resources\Shaders\Object3d.hlsli">
      <Filter>Engine\Shaders</Filter>
    </None>
    <None Include="Resources\Shaders\Sprite.hlsli">
      <Filter>Engine\Shaders</Filter>
    </None>
    <None Include="Resources\Shaders\Particle.hlsli">
      <Filter>Engine\Shaders</Filter>
    </None>
    <None Include="Resources\Shaders\Blocks.hlsli">
      <Filter>Engine\Shaders</Filter>
    </None>
    <None Include="..\..\..\..\Downloads\LE2A_21_ミズカミ_コタロウ_音ゲー\LE2A_21_ミズカミ_コタロウ_音ゲー\Resources\Shaders\PointLight.hlsli">
      <Filter>Engine\Shaders</Filter>
    </None>
    <None Include="..\..\..\..\Downloads\LE2A_21_ミズカミ_コタロウ_音ゲー\LE2A_21_ミズカミ_コタロウ_音ゲー\Resources\Shaders\SpotLight.hlsli">
      <Filter>Engine\Shaders</Filter>
    </None>
    <None Include="Resources\Shaders\Contrast.hlsli">
      <Filter>Engine\Shaders</Filter>
    </None>
    <None Include="Game\GameElement\BossState\Tackle.h">
      <Filter>Game\GameElement\BossState</Filter>
    </None>
  </ItemGroup>
</Project>